// !$*UTF8*$!
{
	archiveVersion = 1;
	classes = {
	};
	objectVersion = 51;
	objects = {

/* Begin PBXBuildFile section */
		9649157456A530A6364F1847 /* libPods-repairManagement.a in Frameworks */ = {isa = PBXBuildFile; fileRef = 54D86A0EE8B99120A4D8A21F /* libPods-repairManagement.a */; };
		B747ECE322F1663400F5BF02 /* REStatusReq.m in Sources */ = {isa = PBXBuildFile; fileRef = B747ECE222F1663400F5BF02 /* REStatusReq.m */; };
		B747ECEB22F17B7F00F5BF02 /* REMissionCompleteConfirmController.m in Sources */ = {isa = PBXBuildFile; fileRef = B747ECEA22F17B7F00F5BF02 /* REMissionCompleteConfirmController.m */; };
		B747ECED22F17BB600F5BF02 /* REMissionCompleteConfirmController.xml in Resources */ = {isa = PBXBuildFile; fileRef = B747ECEC22F17BB600F5BF02 /* REMissionCompleteConfirmController.xml */; };
		B747ECF122F17C0A00F5BF02 /* completeViewModel.m in Sources */ = {isa = PBXBuildFile; fileRef = B747ECF022F17C0A00F5BF02 /* completeViewModel.m */; };
		B747ECF522F17C3800F5BF02 /* REResultLibReq.m in Sources */ = {isa = PBXBuildFile; fileRef = B747ECF422F17C3800F5BF02 /* REResultLibReq.m */; };
		B747ECFA22F193C100F5BF02 /* REMissionAccesoryViewController.xml in Resources */ = {isa = PBXBuildFile; fileRef = B747ECF822F193C100F5BF02 /* REMissionAccesoryViewController.xml */; };
		B747ECFB22F193C100F5BF02 /* REMissionAccesoryViewController.m in Sources */ = {isa = PBXBuildFile; fileRef = B747ECF922F193C100F5BF02 /* REMissionAccesoryViewController.m */; };
		B747ED0022F195F600F5BF02 /* REAccesoryCell.xml in Resources */ = {isa = PBXBuildFile; fileRef = B747ECFE22F195F600F5BF02 /* REAccesoryCell.xml */; };
		B747ED0122F195F600F5BF02 /* REAccesoryCell.m in Sources */ = {isa = PBXBuildFile; fileRef = B747ECFF22F195F600F5BF02 /* REAccesoryCell.m */; };
		B753894022DF2EF70038CFB6 /* RMRepairDetailModel.m in Sources */ = {isa = PBXBuildFile; fileRef = B753893F22DF2EF70038CFB6 /* RMRepairDetailModel.m */; };
		B753894422DF33130038CFB6 /* RMRepairDetailReq.m in Sources */ = {isa = PBXBuildFile; fileRef = B753894322DF33130038CFB6 /* RMRepairDetailReq.m */; };
		B75940C922DDD17D00C19FF8 /* orderListViewModel.m in Sources */ = {isa = PBXBuildFile; fileRef = B75940C822DDD17D00C19FF8 /* orderListViewModel.m */; };
		B75940CD22DDD24000C19FF8 /* RMOrderListReq.m in Sources */ = {isa = PBXBuildFile; fileRef = B75940CC22DDD24000C19FF8 /* RMOrderListReq.m */; };
		B75940D122DDDFC800C19FF8 /* RMOrderDetailViewController.xml in Resources */ = {isa = PBXBuildFile; fileRef = B75940CF22DDDFC800C19FF8 /* RMOrderDetailViewController.xml */; };
		B75940D222DDDFC800C19FF8 /* RMOrderDetailViewController.m in Sources */ = {isa = PBXBuildFile; fileRef = B75940D022DDDFC800C19FF8 /* RMOrderDetailViewController.m */; };
		B75ED96822D6E9FA00D305D9 /* RMOrderListViewController.xml in Resources */ = {isa = PBXBuildFile; fileRef = B75ED96622D6E9FA00D305D9 /* RMOrderListViewController.xml */; };
		B75ED96922D6E9FA00D305D9 /* RMOrderListViewController.m in Sources */ = {isa = PBXBuildFile; fileRef = B75ED96722D6E9FA00D305D9 /* RMOrderListViewController.m */; };
		B75ED97E22D6EAC100D305D9 /* FlexBaseWithNaviViewController.m in Sources */ = {isa = PBXBuildFile; fileRef = B75ED97322D6EAC100D305D9 /* FlexBaseWithNaviViewController.m */; };
		B75ED97F22D6EAC100D305D9 /* FlexBasePresentViewController.m in Sources */ = {isa = PBXBuildFile; fileRef = B75ED97422D6EAC100D305D9 /* FlexBasePresentViewController.m */; };
		B75ED98022D6EAC100D305D9 /* FlexBaseWithoutNaviViewController.m in Sources */ = {isa = PBXBuildFile; fileRef = B75ED97522D6EAC100D305D9 /* FlexBaseWithoutNaviViewController.m */; };
		B75ED98122D6EAC100D305D9 /* tools.m in Sources */ = {isa = PBXBuildFile; fileRef = B75ED97622D6EAC100D305D9 /* tools.m */; };
		B75ED98222D6EAC100D305D9 /* TYCommonRequest.m in Sources */ = {isa = PBXBuildFile; fileRef = B75ED97922D6EAC100D305D9 /* TYCommonRequest.m */; };
		B75ED98522D7048700D305D9 /* libc++.tbd in Frameworks */ = {isa = PBXBuildFile; fileRef = B75ED98422D7048700D305D9 /* libc++.tbd */; };
		B75ED98A22D70BCA00D305D9 /* TYSPNaviBar.m in Sources */ = {isa = PBXBuildFile; fileRef = B75ED98722D70BCA00D305D9 /* TYSPNaviBar.m */; };
		B75ED98B22D70BCA00D305D9 /* TYSPNaviBar.xml in Resources */ = {isa = PBXBuildFile; fileRef = B75ED98822D70BCA00D305D9 /* TYSPNaviBar.xml */; };
		B75ED98F22D70CC800D305D9 /* RMUserViewController.xml in Resources */ = {isa = PBXBuildFile; fileRef = B75ED98D22D70CC800D305D9 /* RMUserViewController.xml */; };
		B75ED99022D70CC800D305D9 /* RMUserViewController.m in Sources */ = {isa = PBXBuildFile; fileRef = B75ED98E22D70CC800D305D9 /* RMUserViewController.m */; };
		B75ED99622D70DFF00D305D9 /* RMLoginViewController.xml in Resources */ = {isa = PBXBuildFile; fileRef = B75ED99422D70DFF00D305D9 /* RMLoginViewController.xml */; };
		B75ED99722D70DFF00D305D9 /* RMLoginViewController.m in Sources */ = {isa = PBXBuildFile; fileRef = B75ED99522D70DFF00D305D9 /* RMLoginViewController.m */; };
		B75ED99A22D7256000D305D9 /* LoginViewModel.m in Sources */ = {isa = PBXBuildFile; fileRef = B75ED99922D7256000D305D9 /* LoginViewModel.m */; };
		B75ED99E22D72B2100D305D9 /* RMLoginRequest.m in Sources */ = {isa = PBXBuildFile; fileRef = B75ED99D22D72B2100D305D9 /* RMLoginRequest.m */; };
		B783802A22EE982300166731 /* RMRepairDetailViewModel.m in Sources */ = {isa = PBXBuildFile; fileRef = B783802922EE982300166731 /* RMRepairDetailViewModel.m */; };
		B783803022EECD1000166731 /* REMissionHallViewController.xml in Resources */ = {isa = PBXBuildFile; fileRef = B783802E22EECD1000166731 /* REMissionHallViewController.xml */; };
		B783803122EECD1000166731 /* REMissionHallViewController.m in Sources */ = {isa = PBXBuildFile; fileRef = B783802F22EECD1000166731 /* REMissionHallViewController.m */; };
		B783803522EECD8200166731 /* REMyMissionViewController.xml in Resources */ = {isa = PBXBuildFile; fileRef = B783803322EECD8200166731 /* REMyMissionViewController.xml */; };
		B783803622EECD8200166731 /* REMyMissionViewController.m in Sources */ = {isa = PBXBuildFile; fileRef = B783803422EECD8200166731 /* REMyMissionViewController.m */; };
		B783803A22EECDAE00166731 /* REUserViewController.xml in Resources */ = {isa = PBXBuildFile; fileRef = B783803822EECDAE00166731 /* REUserViewController.xml */; };
		B783803B22EECDAE00166731 /* REUserViewController.m in Sources */ = {isa = PBXBuildFile; fileRef = B783803922EECDAE00166731 /* REUserViewController.m */; };
		B783804422EEDBCD00166731 /* REMissionCell.m in Sources */ = {isa = PBXBuildFile; fileRef = B783803E22EEDBCC00166731 /* REMissionCell.m */; };
		B783804522EEDBCD00166731 /* REMissonTable.xml in Resources */ = {isa = PBXBuildFile; fileRef = B783803F22EEDBCC00166731 /* REMissonTable.xml */; };
		B783804622EEDBCD00166731 /* REMissionCell.xml in Resources */ = {isa = PBXBuildFile; fileRef = B783804122EEDBCC00166731 /* REMissionCell.xml */; };
		B783804722EEDBCD00166731 /* REMissonTable.m in Sources */ = {isa = PBXBuildFile; fileRef = B783804322EEDBCC00166731 /* REMissonTable.m */; };
		B783804B22EEE18A00166731 /* REMissionHallViewModel.m in Sources */ = {isa = PBXBuildFile; fileRef = B783804A22EEE18A00166731 /* REMissionHallViewModel.m */; };
		B783805022EEE29100166731 /* REMissionHallReq.m in Sources */ = {isa = PBXBuildFile; fileRef = B783804F22EEE29100166731 /* REMissionHallReq.m */; };
		B783805522EFEFD200166731 /* REMissionDetailViewController.xml in Resources */ = {isa = PBXBuildFile; fileRef = B783805322EFEFD200166731 /* REMissionDetailViewController.xml */; };
		B783805622EFEFD200166731 /* REMissionDetailViewController.m in Sources */ = {isa = PBXBuildFile; fileRef = B783805422EFEFD200166731 /* REMissionDetailViewController.m */; };
		B783805B22F01A0B00166731 /* RETakeOrderReq.m in Sources */ = {isa = PBXBuildFile; fileRef = B783805A22F01A0A00166731 /* RETakeOrderReq.m */; };
		B783805F22F01A2E00166731 /* RMMissionDetailReq.m in Sources */ = {isa = PBXBuildFile; fileRef = B783805E22F01A2E00166731 /* RMMissionDetailReq.m */; };
		B784B99622D5B92100EAB7F5 /* AppDelegate.m in Sources */ = {isa = PBXBuildFile; fileRef = B784B99522D5B92100EAB7F5 /* AppDelegate.m */; };
		B784B99922D5B92100EAB7F5 /* ViewController.m in Sources */ = {isa = PBXBuildFile; fileRef = B784B99822D5B92100EAB7F5 /* ViewController.m */; };
		B784B99C22D5B92200EAB7F5 /* Main.storyboard in Resources */ = {isa = PBXBuildFile; fileRef = B784B99A22D5B92200EAB7F5 /* Main.storyboard */; };
		B784B99F22D5B92200EAB7F5 /* repairManagement.xcdatamodeld in Sources */ = {isa = PBXBuildFile; fileRef = B784B99D22D5B92200EAB7F5 /* repairManagement.xcdatamodeld */; };
		B784B9A122D5B92600EAB7F5 /* Assets.xcassets in Resources */ = {isa = PBXBuildFile; fileRef = B784B9A022D5B92600EAB7F5 /* Assets.xcassets */; };
		B784B9A422D5B92600EAB7F5 /* LaunchScreen.storyboard in Resources */ = {isa = PBXBuildFile; fileRef = B784B9A222D5B92600EAB7F5 /* LaunchScreen.storyboard */; };
		B784B9A722D5B92600EAB7F5 /* main.m in Sources */ = {isa = PBXBuildFile; fileRef = B784B9A622D5B92600EAB7F5 /* main.m */; };
		B784B9B122D5B92600EAB7F5 /* repairManagementTests.m in Sources */ = {isa = PBXBuildFile; fileRef = B784B9B022D5B92600EAB7F5 /* repairManagementTests.m */; };
		B784B9BC22D5B92600EAB7F5 /* repairManagementUITests.m in Sources */ = {isa = PBXBuildFile; fileRef = B784B9BB22D5B92600EAB7F5 /* repairManagementUITests.m */; };
		B784B9CE22D5EFB800EAB7F5 /* EngineerTabController.m in Sources */ = {isa = PBXBuildFile; fileRef = B784B9CD22D5EFB800EAB7F5 /* EngineerTabController.m */; };
		B784B9D122D5EFFB00EAB7F5 /* stationTabController.m in Sources */ = {isa = PBXBuildFile; fileRef = B784B9D022D5EFFB00EAB7F5 /* stationTabController.m */; };
		B7CAD2DE22D82B050069FC67 /* RMOrderTable.m in Sources */ = {isa = PBXBuildFile; fileRef = B7CAD2DD22D82B050069FC67 /* RMOrderTable.m */; };
		B7CAD2E222D82B170069FC67 /* RMOrderCell.xml in Resources */ = {isa = PBXBuildFile; fileRef = B7CAD2E022D82B170069FC67 /* RMOrderCell.xml */; };
		B7CAD2E322D82B170069FC67 /* RMOrderCell.m in Sources */ = {isa = PBXBuildFile; fileRef = B7CAD2E122D82B170069FC67 /* RMOrderCell.m */; };
		B7CAD2E522D82C180069FC67 /* RMOrderTable.xml in Resources */ = {isa = PBXBuildFile; fileRef = B7CAD2E422D82C180069FC67 /* RMOrderTable.xml */; };
		B7CAD2E922D82D2B0069FC67 /* RepairOrderModel.m in Sources */ = {isa = PBXBuildFile; fileRef = B7CAD2E822D82D2B0069FC67 /* RepairOrderModel.m */; };
/* End PBXBuildFile section */

/* Begin PBXContainerItemProxy section */
		B784B9AD22D5B92600EAB7F5 /* PBXContainerItemProxy */ = {
			isa = PBXContainerItemProxy;
			containerPortal = B784B98922D5B92100EAB7F5 /* Project object */;
			proxyType = 1;
			remoteGlobalIDString = B784B99022D5B92100EAB7F5;
			remoteInfo = repairManagement;
		};
		B784B9B822D5B92600EAB7F5 /* PBXContainerItemProxy */ = {
			isa = PBXContainerItemProxy;
			containerPortal = B784B98922D5B92100EAB7F5 /* Project object */;
			proxyType = 1;
			remoteGlobalIDString = B784B99022D5B92100EAB7F5;
			remoteInfo = repairManagement;
		};
/* End PBXContainerItemProxy section */

/* Begin PBXFileReference section */
		54D86A0EE8B99120A4D8A21F /* libPods-repairManagement.a */ = {isa = PBXFileReference; explicitFileType = archive.ar; includeInIndex = 0; path = "libPods-repairManagement.a"; sourceTree = BUILT_PRODUCTS_DIR; };
		B747ECE122F1663400F5BF02 /* REStatusReq.h */ = {isa = PBXFileReference; lastKnownFileType = sourcecode.c.h; path = REStatusReq.h; sourceTree = "<group>"; };
		B747ECE222F1663400F5BF02 /* REStatusReq.m */ = {isa = PBXFileReference; lastKnownFileType = sourcecode.c.objc; path = REStatusReq.m; sourceTree = "<group>"; };
		B747ECE922F17B7F00F5BF02 /* REMissionCompleteConfirmController.h */ = {isa = PBXFileReference; lastKnownFileType = sourcecode.c.h; path = REMissionCompleteConfirmController.h; sourceTree = "<group>"; };
		B747ECEA22F17B7F00F5BF02 /* REMissionCompleteConfirmController.m */ = {isa = PBXFileReference; lastKnownFileType = sourcecode.c.objc; path = REMissionCompleteConfirmController.m; sourceTree = "<group>"; };
		B747ECEC22F17BB600F5BF02 /* REMissionCompleteConfirmController.xml */ = {isa = PBXFileReference; lastKnownFileType = text.xml; path = REMissionCompleteConfirmController.xml; sourceTree = "<group>"; };
		B747ECEF22F17C0A00F5BF02 /* completeViewModel.h */ = {isa = PBXFileReference; lastKnownFileType = sourcecode.c.h; path = completeViewModel.h; sourceTree = "<group>"; };
		B747ECF022F17C0A00F5BF02 /* completeViewModel.m */ = {isa = PBXFileReference; lastKnownFileType = sourcecode.c.objc; path = completeViewModel.m; sourceTree = "<group>"; };
		B747ECF322F17C3800F5BF02 /* REResultLibReq.h */ = {isa = PBXFileReference; lastKnownFileType = sourcecode.c.h; path = REResultLibReq.h; sourceTree = "<group>"; };
		B747ECF422F17C3800F5BF02 /* REResultLibReq.m */ = {isa = PBXFileReference; lastKnownFileType = sourcecode.c.objc; path = REResultLibReq.m; sourceTree = "<group>"; };
		B747ECF722F193C100F5BF02 /* REMissionAccesoryViewController.h */ = {isa = PBXFileReference; lastKnownFileType = sourcecode.c.h; path = REMissionAccesoryViewController.h; sourceTree = "<group>"; };
		B747ECF822F193C100F5BF02 /* REMissionAccesoryViewController.xml */ = {isa = PBXFileReference; lastKnownFileType = text.xml; path = REMissionAccesoryViewController.xml; sourceTree = "<group>"; };
		B747ECF922F193C100F5BF02 /* REMissionAccesoryViewController.m */ = {isa = PBXFileReference; lastKnownFileType = sourcecode.c.objc; path = REMissionAccesoryViewController.m; sourceTree = "<group>"; };
		B747ECFD22F195F600F5BF02 /* REAccesoryCell.h */ = {isa = PBXFileReference; lastKnownFileType = sourcecode.c.h; path = REAccesoryCell.h; sourceTree = "<group>"; };
		B747ECFE22F195F600F5BF02 /* REAccesoryCell.xml */ = {isa = PBXFileReference; lastKnownFileType = text.xml; path = REAccesoryCell.xml; sourceTree = "<group>"; };
		B747ECFF22F195F600F5BF02 /* REAccesoryCell.m */ = {isa = PBXFileReference; lastKnownFileType = sourcecode.c.objc; path = REAccesoryCell.m; sourceTree = "<group>"; };
		B753893E22DF2EF70038CFB6 /* RMRepairDetailModel.h */ = {isa = PBXFileReference; lastKnownFileType = sourcecode.c.h; path = RMRepairDetailModel.h; sourceTree = "<group>"; };
		B753893F22DF2EF70038CFB6 /* RMRepairDetailModel.m */ = {isa = PBXFileReference; lastKnownFileType = sourcecode.c.objc; path = RMRepairDetailModel.m; sourceTree = "<group>"; };
		B753894222DF33130038CFB6 /* RMRepairDetailReq.h */ = {isa = PBXFileReference; lastKnownFileType = sourcecode.c.h; path = RMRepairDetailReq.h; sourceTree = "<group>"; };
		B753894322DF33130038CFB6 /* RMRepairDetailReq.m */ = {isa = PBXFileReference; lastKnownFileType = sourcecode.c.objc; path = RMRepairDetailReq.m; sourceTree = "<group>"; };
		B75940C722DDD17D00C19FF8 /* orderListViewModel.h */ = {isa = PBXFileReference; lastKnownFileType = sourcecode.c.h; path = orderListViewModel.h; sourceTree = "<group>"; };
		B75940C822DDD17D00C19FF8 /* orderListViewModel.m */ = {isa = PBXFileReference; lastKnownFileType = sourcecode.c.objc; path = orderListViewModel.m; sourceTree = "<group>"; };
		B75940CB22DDD24000C19FF8 /* RMOrderListReq.h */ = {isa = PBXFileReference; lastKnownFileType = sourcecode.c.h; path = RMOrderListReq.h; sourceTree = "<group>"; };
		B75940CC22DDD24000C19FF8 /* RMOrderListReq.m */ = {isa = PBXFileReference; lastKnownFileType = sourcecode.c.objc; path = RMOrderListReq.m; sourceTree = "<group>"; };
		B75940CE22DDDFC800C19FF8 /* RMOrderDetailViewController.h */ = {isa = PBXFileReference; lastKnownFileType = sourcecode.c.h; path = RMOrderDetailViewController.h; sourceTree = "<group>"; };
		B75940CF22DDDFC800C19FF8 /* RMOrderDetailViewController.xml */ = {isa = PBXFileReference; lastKnownFileType = text.xml; path = RMOrderDetailViewController.xml; sourceTree = "<group>"; };
		B75940D022DDDFC800C19FF8 /* RMOrderDetailViewController.m */ = {isa = PBXFileReference; lastKnownFileType = sourcecode.c.objc; path = RMOrderDetailViewController.m; sourceTree = "<group>"; };
		B75ED96522D6E9FA00D305D9 /* RMOrderListViewController.h */ = {isa = PBXFileReference; lastKnownFileType = sourcecode.c.h; path = RMOrderListViewController.h; sourceTree = "<group>"; };
		B75ED96622D6E9FA00D305D9 /* RMOrderListViewController.xml */ = {isa = PBXFileReference; lastKnownFileType = text.xml; path = RMOrderListViewController.xml; sourceTree = "<group>"; };
		B75ED96722D6E9FA00D305D9 /* RMOrderListViewController.m */ = {isa = PBXFileReference; lastKnownFileType = sourcecode.c.objc; path = RMOrderListViewController.m; sourceTree = "<group>"; };
		B75ED96C22D6EAC100D305D9 /* FlexBaseWithNaviViewController.h */ = {isa = PBXFileReference; fileEncoding = 4; lastKnownFileType = sourcecode.c.h; path = FlexBaseWithNaviViewController.h; sourceTree = "<group>"; };
		B75ED96D22D6EAC100D305D9 /* FlexBaseWithoutNaviViewController.h */ = {isa = PBXFileReference; fileEncoding = 4; lastKnownFileType = sourcecode.c.h; path = FlexBaseWithoutNaviViewController.h; sourceTree = "<group>"; };
		B75ED96E22D6EAC100D305D9 /* FlexBasePresentViewController.h */ = {isa = PBXFileReference; fileEncoding = 4; lastKnownFileType = sourcecode.c.h; path = FlexBasePresentViewController.h; sourceTree = "<group>"; };
		B75ED97322D6EAC100D305D9 /* FlexBaseWithNaviViewController.m */ = {isa = PBXFileReference; fileEncoding = 4; lastKnownFileType = sourcecode.c.objc; path = FlexBaseWithNaviViewController.m; sourceTree = "<group>"; };
		B75ED97422D6EAC100D305D9 /* FlexBasePresentViewController.m */ = {isa = PBXFileReference; fileEncoding = 4; lastKnownFileType = sourcecode.c.objc; path = FlexBasePresentViewController.m; sourceTree = "<group>"; };
		B75ED97522D6EAC100D305D9 /* FlexBaseWithoutNaviViewController.m */ = {isa = PBXFileReference; fileEncoding = 4; lastKnownFileType = sourcecode.c.objc; path = FlexBaseWithoutNaviViewController.m; sourceTree = "<group>"; };
		B75ED97622D6EAC100D305D9 /* tools.m */ = {isa = PBXFileReference; fileEncoding = 4; lastKnownFileType = sourcecode.c.objc; path = tools.m; sourceTree = "<group>"; };
		B75ED97822D6EAC100D305D9 /* TYCommonRequest.h */ = {isa = PBXFileReference; fileEncoding = 4; lastKnownFileType = sourcecode.c.h; path = TYCommonRequest.h; sourceTree = "<group>"; };
		B75ED97922D6EAC100D305D9 /* TYCommonRequest.m */ = {isa = PBXFileReference; fileEncoding = 4; lastKnownFileType = sourcecode.c.objc; path = TYCommonRequest.m; sourceTree = "<group>"; };
		B75ED97A22D6EAC100D305D9 /* UIDefine.h */ = {isa = PBXFileReference; fileEncoding = 4; lastKnownFileType = sourcecode.c.h; path = UIDefine.h; sourceTree = "<group>"; };
		B75ED97B22D6EAC100D305D9 /* tools.h */ = {isa = PBXFileReference; fileEncoding = 4; lastKnownFileType = sourcecode.c.h; path = tools.h; sourceTree = "<group>"; };
		B75ED98322D6EBA300D305D9 /* PrefixHeader.pch */ = {isa = PBXFileReference; lastKnownFileType = sourcecode.c.h; path = PrefixHeader.pch; sourceTree = "<group>"; };
		B75ED98422D7048700D305D9 /* libc++.tbd */ = {isa = PBXFileReference; lastKnownFileType = "sourcecode.text-based-dylib-definition"; name = "libc++.tbd"; path = "usr/lib/libc++.tbd"; sourceTree = SDKROOT; };
		B75ED98722D70BCA00D305D9 /* TYSPNaviBar.m */ = {isa = PBXFileReference; fileEncoding = 4; lastKnownFileType = sourcecode.c.objc; path = TYSPNaviBar.m; sourceTree = "<group>"; };
		B75ED98822D70BCA00D305D9 /* TYSPNaviBar.xml */ = {isa = PBXFileReference; fileEncoding = 4; lastKnownFileType = text.xml; path = TYSPNaviBar.xml; sourceTree = "<group>"; };
		B75ED98922D70BCA00D305D9 /* TYSPNaviBar.h */ = {isa = PBXFileReference; fileEncoding = 4; lastKnownFileType = sourcecode.c.h; path = TYSPNaviBar.h; sourceTree = "<group>"; };
		B75ED98C22D70CC800D305D9 /* RMUserViewController.h */ = {isa = PBXFileReference; lastKnownFileType = sourcecode.c.h; path = RMUserViewController.h; sourceTree = "<group>"; };
		B75ED98D22D70CC800D305D9 /* RMUserViewController.xml */ = {isa = PBXFileReference; lastKnownFileType = text.xml; path = RMUserViewController.xml; sourceTree = "<group>"; };
		B75ED98E22D70CC800D305D9 /* RMUserViewController.m */ = {isa = PBXFileReference; lastKnownFileType = sourcecode.c.objc; path = RMUserViewController.m; sourceTree = "<group>"; };
		B75ED99322D70DFF00D305D9 /* RMLoginViewController.h */ = {isa = PBXFileReference; lastKnownFileType = sourcecode.c.h; path = RMLoginViewController.h; sourceTree = "<group>"; };
		B75ED99422D70DFF00D305D9 /* RMLoginViewController.xml */ = {isa = PBXFileReference; lastKnownFileType = text.xml; path = RMLoginViewController.xml; sourceTree = "<group>"; };
		B75ED99522D70DFF00D305D9 /* RMLoginViewController.m */ = {isa = PBXFileReference; lastKnownFileType = sourcecode.c.objc; path = RMLoginViewController.m; sourceTree = "<group>"; };
		B75ED99822D7256000D305D9 /* LoginViewModel.h */ = {isa = PBXFileReference; lastKnownFileType = sourcecode.c.h; path = LoginViewModel.h; sourceTree = "<group>"; };
		B75ED99922D7256000D305D9 /* LoginViewModel.m */ = {isa = PBXFileReference; lastKnownFileType = sourcecode.c.objc; path = LoginViewModel.m; sourceTree = "<group>"; };
		B75ED99C22D72B2100D305D9 /* RMLoginRequest.h */ = {isa = PBXFileReference; lastKnownFileType = sourcecode.c.h; path = RMLoginRequest.h; sourceTree = "<group>"; };
		B75ED99D22D72B2100D305D9 /* RMLoginRequest.m */ = {isa = PBXFileReference; lastKnownFileType = sourcecode.c.objc; path = RMLoginRequest.m; sourceTree = "<group>"; };
		B783802822EE982300166731 /* RMRepairDetailViewModel.h */ = {isa = PBXFileReference; lastKnownFileType = sourcecode.c.h; path = RMRepairDetailViewModel.h; sourceTree = "<group>"; };
		B783802922EE982300166731 /* RMRepairDetailViewModel.m */ = {isa = PBXFileReference; lastKnownFileType = sourcecode.c.objc; path = RMRepairDetailViewModel.m; sourceTree = "<group>"; };
		B783802D22EECD0F00166731 /* REMissionHallViewController.h */ = {isa = PBXFileReference; lastKnownFileType = sourcecode.c.h; path = REMissionHallViewController.h; sourceTree = "<group>"; };
		B783802E22EECD1000166731 /* REMissionHallViewController.xml */ = {isa = PBXFileReference; lastKnownFileType = text.xml; path = REMissionHallViewController.xml; sourceTree = "<group>"; };
		B783802F22EECD1000166731 /* REMissionHallViewController.m */ = {isa = PBXFileReference; lastKnownFileType = sourcecode.c.objc; path = REMissionHallViewController.m; sourceTree = "<group>"; };
		B783803222EECD8200166731 /* REMyMissionViewController.h */ = {isa = PBXFileReference; lastKnownFileType = sourcecode.c.h; path = REMyMissionViewController.h; sourceTree = "<group>"; };
		B783803322EECD8200166731 /* REMyMissionViewController.xml */ = {isa = PBXFileReference; lastKnownFileType = text.xml; path = REMyMissionViewController.xml; sourceTree = "<group>"; };
		B783803422EECD8200166731 /* REMyMissionViewController.m */ = {isa = PBXFileReference; lastKnownFileType = sourcecode.c.objc; path = REMyMissionViewController.m; sourceTree = "<group>"; };
		B783803722EECDAE00166731 /* REUserViewController.h */ = {isa = PBXFileReference; lastKnownFileType = sourcecode.c.h; path = REUserViewController.h; sourceTree = "<group>"; };
		B783803822EECDAE00166731 /* REUserViewController.xml */ = {isa = PBXFileReference; lastKnownFileType = text.xml; path = REUserViewController.xml; sourceTree = "<group>"; };
		B783803922EECDAE00166731 /* REUserViewController.m */ = {isa = PBXFileReference; lastKnownFileType = sourcecode.c.objc; path = REUserViewController.m; sourceTree = "<group>"; };
		B783803E22EEDBCC00166731 /* REMissionCell.m */ = {isa = PBXFileReference; fileEncoding = 4; lastKnownFileType = sourcecode.c.objc; path = REMissionCell.m; sourceTree = "<group>"; };
		B783803F22EEDBCC00166731 /* REMissonTable.xml */ = {isa = PBXFileReference; fileEncoding = 4; lastKnownFileType = text.xml; path = REMissonTable.xml; sourceTree = "<group>"; };
		B783804022EEDBCC00166731 /* REMissonTable.h */ = {isa = PBXFileReference; fileEncoding = 4; lastKnownFileType = sourcecode.c.h; path = REMissonTable.h; sourceTree = "<group>"; };
		B783804122EEDBCC00166731 /* REMissionCell.xml */ = {isa = PBXFileReference; fileEncoding = 4; lastKnownFileType = text.xml; path = REMissionCell.xml; sourceTree = "<group>"; };
		B783804222EEDBCC00166731 /* REMissionCell.h */ = {isa = PBXFileReference; fileEncoding = 4; lastKnownFileType = sourcecode.c.h; path = REMissionCell.h; sourceTree = "<group>"; };
		B783804322EEDBCC00166731 /* REMissonTable.m */ = {isa = PBXFileReference; fileEncoding = 4; lastKnownFileType = sourcecode.c.objc; path = REMissonTable.m; sourceTree = "<group>"; };
		B783804922EEE18A00166731 /* REMissionHallViewModel.h */ = {isa = PBXFileReference; lastKnownFileType = sourcecode.c.h; path = REMissionHallViewModel.h; sourceTree = "<group>"; };
		B783804A22EEE18A00166731 /* REMissionHallViewModel.m */ = {isa = PBXFileReference; lastKnownFileType = sourcecode.c.objc; path = REMissionHallViewModel.m; sourceTree = "<group>"; };
		B783804E22EEE29100166731 /* REMissionHallReq.h */ = {isa = PBXFileReference; lastKnownFileType = sourcecode.c.h; path = REMissionHallReq.h; sourceTree = "<group>"; };
		B783804F22EEE29100166731 /* REMissionHallReq.m */ = {isa = PBXFileReference; lastKnownFileType = sourcecode.c.objc; path = REMissionHallReq.m; sourceTree = "<group>"; };
		B783805222EFEFD200166731 /* REMissionDetailViewController.h */ = {isa = PBXFileReference; lastKnownFileType = sourcecode.c.h; path = REMissionDetailViewController.h; sourceTree = "<group>"; };
		B783805322EFEFD200166731 /* REMissionDetailViewController.xml */ = {isa = PBXFileReference; lastKnownFileType = text.xml; path = REMissionDetailViewController.xml; sourceTree = "<group>"; };
		B783805422EFEFD200166731 /* REMissionDetailViewController.m */ = {isa = PBXFileReference; lastKnownFileType = sourcecode.c.objc; path = REMissionDetailViewController.m; sourceTree = "<group>"; };
		B783805922F01A0A00166731 /* RETakeOrderReq.h */ = {isa = PBXFileReference; lastKnownFileType = sourcecode.c.h; path = RETakeOrderReq.h; sourceTree = "<group>"; };
		B783805A22F01A0A00166731 /* RETakeOrderReq.m */ = {isa = PBXFileReference; lastKnownFileType = sourcecode.c.objc; path = RETakeOrderReq.m; sourceTree = "<group>"; };
		B783805D22F01A2E00166731 /* RMMissionDetailReq.h */ = {isa = PBXFileReference; lastKnownFileType = sourcecode.c.h; path = RMMissionDetailReq.h; sourceTree = "<group>"; };
		B783805E22F01A2E00166731 /* RMMissionDetailReq.m */ = {isa = PBXFileReference; lastKnownFileType = sourcecode.c.objc; path = RMMissionDetailReq.m; sourceTree = "<group>"; };
		B784B99122D5B92100EAB7F5 /* repairManagement.app */ = {isa = PBXFileReference; explicitFileType = wrapper.application; includeInIndex = 0; path = repairManagement.app; sourceTree = BUILT_PRODUCTS_DIR; };
		B784B99422D5B92100EAB7F5 /* AppDelegate.h */ = {isa = PBXFileReference; lastKnownFileType = sourcecode.c.h; path = AppDelegate.h; sourceTree = "<group>"; };
		B784B99522D5B92100EAB7F5 /* AppDelegate.m */ = {isa = PBXFileReference; lastKnownFileType = sourcecode.c.objc; path = AppDelegate.m; sourceTree = "<group>"; };
		B784B99722D5B92100EAB7F5 /* ViewController.h */ = {isa = PBXFileReference; lastKnownFileType = sourcecode.c.h; path = ViewController.h; sourceTree = "<group>"; };
		B784B99822D5B92100EAB7F5 /* ViewController.m */ = {isa = PBXFileReference; lastKnownFileType = sourcecode.c.objc; path = ViewController.m; sourceTree = "<group>"; };
		B784B99B22D5B92200EAB7F5 /* Base */ = {isa = PBXFileReference; lastKnownFileType = file.storyboard; name = Base; path = Base.lproj/Main.storyboard; sourceTree = "<group>"; };
		B784B99E22D5B92200EAB7F5 /* repairManagement.xcdatamodel */ = {isa = PBXFileReference; lastKnownFileType = wrapper.xcdatamodel; path = repairManagement.xcdatamodel; sourceTree = "<group>"; };
		B784B9A022D5B92600EAB7F5 /* Assets.xcassets */ = {isa = PBXFileReference; lastKnownFileType = folder.assetcatalog; path = Assets.xcassets; sourceTree = "<group>"; };
		B784B9A322D5B92600EAB7F5 /* Base */ = {isa = PBXFileReference; lastKnownFileType = file.storyboard; name = Base; path = Base.lproj/LaunchScreen.storyboard; sourceTree = "<group>"; };
		B784B9A522D5B92600EAB7F5 /* Info.plist */ = {isa = PBXFileReference; lastKnownFileType = text.plist.xml; path = Info.plist; sourceTree = "<group>"; };
		B784B9A622D5B92600EAB7F5 /* main.m */ = {isa = PBXFileReference; lastKnownFileType = sourcecode.c.objc; path = main.m; sourceTree = "<group>"; };
		B784B9AC22D5B92600EAB7F5 /* repairManagementTests.xctest */ = {isa = PBXFileReference; explicitFileType = wrapper.cfbundle; includeInIndex = 0; path = repairManagementTests.xctest; sourceTree = BUILT_PRODUCTS_DIR; };
		B784B9B022D5B92600EAB7F5 /* repairManagementTests.m */ = {isa = PBXFileReference; lastKnownFileType = sourcecode.c.objc; path = repairManagementTests.m; sourceTree = "<group>"; };
		B784B9B222D5B92600EAB7F5 /* Info.plist */ = {isa = PBXFileReference; lastKnownFileType = text.plist.xml; path = Info.plist; sourceTree = "<group>"; };
		B784B9B722D5B92600EAB7F5 /* repairManagementUITests.xctest */ = {isa = PBXFileReference; explicitFileType = wrapper.cfbundle; includeInIndex = 0; path = repairManagementUITests.xctest; sourceTree = BUILT_PRODUCTS_DIR; };
		B784B9BB22D5B92600EAB7F5 /* repairManagementUITests.m */ = {isa = PBXFileReference; lastKnownFileType = sourcecode.c.objc; path = repairManagementUITests.m; sourceTree = "<group>"; };
		B784B9BD22D5B92600EAB7F5 /* Info.plist */ = {isa = PBXFileReference; lastKnownFileType = text.plist.xml; path = Info.plist; sourceTree = "<group>"; };
		B784B9CC22D5EFB800EAB7F5 /* EngineerTabController.h */ = {isa = PBXFileReference; lastKnownFileType = sourcecode.c.h; path = EngineerTabController.h; sourceTree = "<group>"; };
		B784B9CD22D5EFB800EAB7F5 /* EngineerTabController.m */ = {isa = PBXFileReference; lastKnownFileType = sourcecode.c.objc; path = EngineerTabController.m; sourceTree = "<group>"; };
		B784B9CF22D5EFFB00EAB7F5 /* stationTabController.h */ = {isa = PBXFileReference; lastKnownFileType = sourcecode.c.h; path = stationTabController.h; sourceTree = "<group>"; };
		B784B9D022D5EFFB00EAB7F5 /* stationTabController.m */ = {isa = PBXFileReference; lastKnownFileType = sourcecode.c.objc; path = stationTabController.m; sourceTree = "<group>"; };
		B7CAD2DC22D82B050069FC67 /* RMOrderTable.h */ = {isa = PBXFileReference; lastKnownFileType = sourcecode.c.h; path = RMOrderTable.h; sourceTree = "<group>"; };
		B7CAD2DD22D82B050069FC67 /* RMOrderTable.m */ = {isa = PBXFileReference; lastKnownFileType = sourcecode.c.objc; path = RMOrderTable.m; sourceTree = "<group>"; };
		B7CAD2DF22D82B170069FC67 /* RMOrderCell.h */ = {isa = PBXFileReference; lastKnownFileType = sourcecode.c.h; path = RMOrderCell.h; sourceTree = "<group>"; };
		B7CAD2E022D82B170069FC67 /* RMOrderCell.xml */ = {isa = PBXFileReference; lastKnownFileType = text.xml; path = RMOrderCell.xml; sourceTree = "<group>"; };
		B7CAD2E122D82B170069FC67 /* RMOrderCell.m */ = {isa = PBXFileReference; lastKnownFileType = sourcecode.c.objc; path = RMOrderCell.m; sourceTree = "<group>"; };
		B7CAD2E422D82C180069FC67 /* RMOrderTable.xml */ = {isa = PBXFileReference; lastKnownFileType = text.xml; path = RMOrderTable.xml; sourceTree = "<group>"; };
		B7CAD2E722D82D2B0069FC67 /* RepairOrderModel.h */ = {isa = PBXFileReference; lastKnownFileType = sourcecode.c.h; path = RepairOrderModel.h; sourceTree = "<group>"; };
		B7CAD2E822D82D2B0069FC67 /* RepairOrderModel.m */ = {isa = PBXFileReference; lastKnownFileType = sourcecode.c.objc; path = RepairOrderModel.m; sourceTree = "<group>"; };
		EB5D220F24B5DA45ECEA4EB0 /* Pods-repairManagement.debug.xcconfig */ = {isa = PBXFileReference; includeInIndex = 1; lastKnownFileType = text.xcconfig; name = "Pods-repairManagement.debug.xcconfig"; path = "Target Support Files/Pods-repairManagement/Pods-repairManagement.debug.xcconfig"; sourceTree = "<group>"; };
		FAD2AC4AFBF6EA0EC6FEBEE4 /* Pods-repairManagement.release.xcconfig */ = {isa = PBXFileReference; includeInIndex = 1; lastKnownFileType = text.xcconfig; name = "Pods-repairManagement.release.xcconfig"; path = "Target Support Files/Pods-repairManagement/Pods-repairManagement.release.xcconfig"; sourceTree = "<group>"; };
/* End PBXFileReference section */

/* Begin PBXFrameworksBuildPhase section */
		B784B98E22D5B92100EAB7F5 /* Frameworks */ = {
			isa = PBXFrameworksBuildPhase;
			buildActionMask = 2147483647;
			files = (
				B75ED98522D7048700D305D9 /* libc++.tbd in Frameworks */,
				9649157456A530A6364F1847 /* libPods-repairManagement.a in Frameworks */,
			);
			runOnlyForDeploymentPostprocessing = 0;
		};
		B784B9A922D5B92600EAB7F5 /* Frameworks */ = {
			isa = PBXFrameworksBuildPhase;
			buildActionMask = 2147483647;
			files = (
			);
			runOnlyForDeploymentPostprocessing = 0;
		};
		B784B9B422D5B92600EAB7F5 /* Frameworks */ = {
			isa = PBXFrameworksBuildPhase;
			buildActionMask = 2147483647;
			files = (
			);
			runOnlyForDeploymentPostprocessing = 0;
		};
/* End PBXFrameworksBuildPhase section */

/* Begin PBXGroup section */
		5983BF50C701AB04AFFCC51D /* Frameworks */ = {
			isa = PBXGroup;
			children = (
				B75ED98422D7048700D305D9 /* libc++.tbd */,
				54D86A0EE8B99120A4D8A21F /* libPods-repairManagement.a */,
			);
			name = Frameworks;
			sourceTree = "<group>";
		};
		7FD97ACA45B49DF67E0AE081 /* Pods */ = {
			isa = PBXGroup;
			children = (
				EB5D220F24B5DA45ECEA4EB0 /* Pods-repairManagement.debug.xcconfig */,
				FAD2AC4AFBF6EA0EC6FEBEE4 /* Pods-repairManagement.release.xcconfig */,
			);
			path = Pods;
			sourceTree = "<group>";
		};
		B747ECE022F165F200F5BF02 /* ChangeStatus */ = {
			isa = PBXGroup;
			children = (
				B747ECE122F1663400F5BF02 /* REStatusReq.h */,
				B747ECE222F1663400F5BF02 /* REStatusReq.m */,
			);
			path = ChangeStatus;
			sourceTree = "<group>";
		};
		B747ECE822F17B4200F5BF02 /* FinishConfirm */ = {
			isa = PBXGroup;
			children = (
				B747ECEE22F17BF100F5BF02 /* viewModel */,
				B747ECE922F17B7F00F5BF02 /* REMissionCompleteConfirmController.h */,
				B747ECEC22F17BB600F5BF02 /* REMissionCompleteConfirmController.xml */,
				B747ECEA22F17B7F00F5BF02 /* REMissionCompleteConfirmController.m */,
			);
			path = FinishConfirm;
			sourceTree = "<group>";
		};
		B747ECEE22F17BF100F5BF02 /* viewModel */ = {
			isa = PBXGroup;
			children = (
				B747ECEF22F17C0A00F5BF02 /* completeViewModel.h */,
				B747ECF022F17C0A00F5BF02 /* completeViewModel.m */,
			);
			path = viewModel;
			sourceTree = "<group>";
		};
		B747ECF222F17C1F00F5BF02 /* ResultLib */ = {
			isa = PBXGroup;
			children = (
				B747ECF322F17C3800F5BF02 /* REResultLibReq.h */,
				B747ECF422F17C3800F5BF02 /* REResultLibReq.m */,
			);
			path = ResultLib;
			sourceTree = "<group>";
		};
		B747ECF622F1928300F5BF02 /* ChangeAccessory */ = {
			isa = PBXGroup;
			children = (
				B747ECFC22F195D800F5BF02 /* cell */,
				B747ECF722F193C100F5BF02 /* REMissionAccesoryViewController.h */,
				B747ECF822F193C100F5BF02 /* REMissionAccesoryViewController.xml */,
				B747ECF922F193C100F5BF02 /* REMissionAccesoryViewController.m */,
			);
			path = ChangeAccessory;
			sourceTree = "<group>";
		};
		B747ECFC22F195D800F5BF02 /* cell */ = {
			isa = PBXGroup;
			children = (
				B747ECFD22F195F600F5BF02 /* REAccesoryCell.h */,
				B747ECFE22F195F600F5BF02 /* REAccesoryCell.xml */,
				B747ECFF22F195F600F5BF02 /* REAccesoryCell.m */,
			);
			path = cell;
			sourceTree = "<group>";
		};
		B753893C22DF2E5B0038CFB6 /* model */ = {
			isa = PBXGroup;
			children = (
				B753893E22DF2EF70038CFB6 /* RMRepairDetailModel.h */,
				B753893F22DF2EF70038CFB6 /* RMRepairDetailModel.m */,
			);
			path = model;
			sourceTree = "<group>";
		};
		B753893D22DF2E670038CFB6 /* viewModel */ = {
			isa = PBXGroup;
			children = (
				B783802822EE982300166731 /* RMRepairDetailViewModel.h */,
				B783802922EE982300166731 /* RMRepairDetailViewModel.m */,
			);
			path = viewModel;
			sourceTree = "<group>";
		};
		B753894122DF32F10038CFB6 /* RMRepairDetalRequest */ = {
			isa = PBXGroup;
			children = (
				B753894222DF33130038CFB6 /* RMRepairDetailReq.h */,
				B753894322DF33130038CFB6 /* RMRepairDetailReq.m */,
			);
			path = RMRepairDetalRequest;
			sourceTree = "<group>";
		};
		B75940C622DDD15400C19FF8 /* viewModel */ = {
			isa = PBXGroup;
			children = (
				B75940C722DDD17D00C19FF8 /* orderListViewModel.h */,
				B75940C822DDD17D00C19FF8 /* orderListViewModel.m */,
			);
			path = viewModel;
			sourceTree = "<group>";
		};
		B75940CA22DDD21F00C19FF8 /* RMOrderListRequest */ = {
			isa = PBXGroup;
			children = (
				B75940CB22DDD24000C19FF8 /* RMOrderListReq.h */,
				B75940CC22DDD24000C19FF8 /* RMOrderListReq.m */,
			);
			path = RMOrderListRequest;
			sourceTree = "<group>";
		};
		B75ED95D22D6DDD200D305D9 /* Engineer */ = {
			isa = PBXGroup;
			children = (
				B75ED96022D6DE2200D305D9 /* MissionHall */,
				B783802B22EECC8800166731 /* MyMission */,
				B783802C22EECC9400166731 /* User Center */,
			);
			path = Engineer;
			sourceTree = "<group>";
		};
		B75ED95E22D6DDF600D305D9 /* Station */ = {
			isa = PBXGroup;
			children = (
				B75ED95F22D6DE1300D305D9 /* OrderList */,
				B75ED96122D6DE4500D305D9 /* OrderDetail */,
				B75ED96422D6DEF500D305D9 /* OrderCreate */,
				B75ED96222D6DE6B00D305D9 /* OrderRate */,
				B75ED96322D6DEE800D305D9 /* UserCenter */,
			);
			path = Station;
			sourceTree = "<group>";
		};
		B75ED95F22D6DE1300D305D9 /* OrderList */ = {
			isa = PBXGroup;
			children = (
				B75940C622DDD15400C19FF8 /* viewModel */,
				B7CAD2E622D82CFB0069FC67 /* model */,
				B7CAD2DB22D82A950069FC67 /* listTable */,
				B75ED96522D6E9FA00D305D9 /* RMOrderListViewController.h */,
				B75ED96622D6E9FA00D305D9 /* RMOrderListViewController.xml */,
				B75ED96722D6E9FA00D305D9 /* RMOrderListViewController.m */,
			);
			path = OrderList;
			sourceTree = "<group>";
		};
		B75ED96022D6DE2200D305D9 /* MissionHall */ = {
			isa = PBXGroup;
			children = (
				B747ECF622F1928300F5BF02 /* ChangeAccessory */,
				B747ECE822F17B4200F5BF02 /* FinishConfirm */,
				B783805122EFEFB500166731 /* Detail */,
				B783804822EEE15D00166731 /* viewModel */,
				B783803C22EED87000166731 /* missionTable */,
				B783802D22EECD0F00166731 /* REMissionHallViewController.h */,
				B783802E22EECD1000166731 /* REMissionHallViewController.xml */,
				B783802F22EECD1000166731 /* REMissionHallViewController.m */,
			);
			path = MissionHall;
			sourceTree = "<group>";
		};
		B75ED96122D6DE4500D305D9 /* OrderDetail */ = {
			isa = PBXGroup;
			children = (
				B753893D22DF2E670038CFB6 /* viewModel */,
				B753893C22DF2E5B0038CFB6 /* model */,
				B75940CE22DDDFC800C19FF8 /* RMOrderDetailViewController.h */,
				B75940CF22DDDFC800C19FF8 /* RMOrderDetailViewController.xml */,
				B75940D022DDDFC800C19FF8 /* RMOrderDetailViewController.m */,
			);
			path = OrderDetail;
			sourceTree = "<group>";
		};
		B75ED96222D6DE6B00D305D9 /* OrderRate */ = {
			isa = PBXGroup;
			children = (
			);
			path = OrderRate;
			sourceTree = "<group>";
		};
		B75ED96322D6DEE800D305D9 /* UserCenter */ = {
			isa = PBXGroup;
			children = (
				B75ED98C22D70CC800D305D9 /* RMUserViewController.h */,
				B75ED98D22D70CC800D305D9 /* RMUserViewController.xml */,
				B75ED98E22D70CC800D305D9 /* RMUserViewController.m */,
			);
			path = UserCenter;
			sourceTree = "<group>";
		};
		B75ED96422D6DEF500D305D9 /* OrderCreate */ = {
			isa = PBXGroup;
			children = (
			);
			path = OrderCreate;
			sourceTree = "<group>";
		};
		B75ED96A22D6EA4100D305D9 /* lib */ = {
			isa = PBXGroup;
			children = (
				B75ED99122D70D8C00D305D9 /* RMRequest */,
				B75ED96B22D6EAC100D305D9 /* BaseController */,
				B75ED97B22D6EAC100D305D9 /* tools.h */,
				B75ED97622D6EAC100D305D9 /* tools.m */,
				B75ED97A22D6EAC100D305D9 /* UIDefine.h */,
			);
			path = lib;
			sourceTree = "<group>";
		};
		B75ED96B22D6EAC100D305D9 /* BaseController */ = {
			isa = PBXGroup;
			children = (
				B75ED98622D70BCA00D305D9 /* TYSPNaviBar */,
				B75ED96C22D6EAC100D305D9 /* FlexBaseWithNaviViewController.h */,
				B75ED97322D6EAC100D305D9 /* FlexBaseWithNaviViewController.m */,
				B75ED96D22D6EAC100D305D9 /* FlexBaseWithoutNaviViewController.h */,
				B75ED97522D6EAC100D305D9 /* FlexBaseWithoutNaviViewController.m */,
				B75ED96E22D6EAC100D305D9 /* FlexBasePresentViewController.h */,
				B75ED97422D6EAC100D305D9 /* FlexBasePresentViewController.m */,
			);
			path = BaseController;
			sourceTree = "<group>";
		};
		B75ED97722D6EAC100D305D9 /* TYCommonRequest */ = {
			isa = PBXGroup;
			children = (
				B75ED97822D6EAC100D305D9 /* TYCommonRequest.h */,
				B75ED97922D6EAC100D305D9 /* TYCommonRequest.m */,
			);
			path = TYCommonRequest;
			sourceTree = "<group>";
		};
		B75ED98622D70BCA00D305D9 /* TYSPNaviBar */ = {
			isa = PBXGroup;
			children = (
				B75ED98722D70BCA00D305D9 /* TYSPNaviBar.m */,
				B75ED98822D70BCA00D305D9 /* TYSPNaviBar.xml */,
				B75ED98922D70BCA00D305D9 /* TYSPNaviBar.h */,
			);
			path = TYSPNaviBar;
			sourceTree = "<group>";
		};
		B75ED99122D70D8C00D305D9 /* RMRequest */ = {
			isa = PBXGroup;
			children = (
				B783804D22EEE27000166731 /* Engineer */,
				B783804C22EEE25800166731 /* Station */,
				B75ED97722D6EAC100D305D9 /* TYCommonRequest */,
			);
			path = RMRequest;
			sourceTree = "<group>";
		};
		B75ED99222D70DDB00D305D9 /* Login */ = {
			isa = PBXGroup;
			children = (
				B75ED99322D70DFF00D305D9 /* RMLoginViewController.h */,
				B75ED99422D70DFF00D305D9 /* RMLoginViewController.xml */,
				B75ED99522D70DFF00D305D9 /* RMLoginViewController.m */,
				B75ED99822D7256000D305D9 /* LoginViewModel.h */,
				B75ED99922D7256000D305D9 /* LoginViewModel.m */,
			);
			path = Login;
			sourceTree = "<group>";
		};
		B75ED99B22D72AFC00D305D9 /* RMLoginReqest */ = {
			isa = PBXGroup;
			children = (
				B75ED99C22D72B2100D305D9 /* RMLoginRequest.h */,
				B75ED99D22D72B2100D305D9 /* RMLoginRequest.m */,
			);
			path = RMLoginReqest;
			sourceTree = "<group>";
		};
		B783802B22EECC8800166731 /* MyMission */ = {
			isa = PBXGroup;
			children = (
				B783803222EECD8200166731 /* REMyMissionViewController.h */,
				B783803322EECD8200166731 /* REMyMissionViewController.xml */,
				B783803422EECD8200166731 /* REMyMissionViewController.m */,
			);
			path = MyMission;
			sourceTree = "<group>";
		};
		B783802C22EECC9400166731 /* User Center */ = {
			isa = PBXGroup;
			children = (
				B783803722EECDAE00166731 /* REUserViewController.h */,
				B783803822EECDAE00166731 /* REUserViewController.xml */,
				B783803922EECDAE00166731 /* REUserViewController.m */,
			);
			path = "User Center";
			sourceTree = "<group>";
		};
		B783803C22EED87000166731 /* missionTable */ = {
			isa = PBXGroup;
			children = (
				B783803D22EEDBCC00166731 /* listTable */,
			);
			path = missionTable;
			sourceTree = "<group>";
		};
		B783803D22EEDBCC00166731 /* listTable */ = {
			isa = PBXGroup;
			children = (
				B783804022EEDBCC00166731 /* REMissonTable.h */,
				B783804322EEDBCC00166731 /* REMissonTable.m */,
				B783803F22EEDBCC00166731 /* REMissonTable.xml */,
				B783804222EEDBCC00166731 /* REMissionCell.h */,
				B783803E22EEDBCC00166731 /* REMissionCell.m */,
				B783804122EEDBCC00166731 /* REMissionCell.xml */,
			);
			path = listTable;
			sourceTree = "<group>";
		};
		B783804822EEE15D00166731 /* viewModel */ = {
			isa = PBXGroup;
			children = (
				B783804922EEE18A00166731 /* REMissionHallViewModel.h */,
				B783804A22EEE18A00166731 /* REMissionHallViewModel.m */,
			);
			path = viewModel;
			sourceTree = "<group>";
		};
		B783804C22EEE25800166731 /* Station */ = {
			isa = PBXGroup;
			children = (
				B753894122DF32F10038CFB6 /* RMRepairDetalRequest */,
				B75940CA22DDD21F00C19FF8 /* RMOrderListRequest */,
				B75ED99B22D72AFC00D305D9 /* RMLoginReqest */,
			);
			path = Station;
			sourceTree = "<group>";
		};
		B783804D22EEE27000166731 /* Engineer */ = {
			isa = PBXGroup;
			children = (
				B747ECF222F17C1F00F5BF02 /* ResultLib */,
				B783805822F0195B00166731 /* TakeOrder */,
				B747ECE022F165F200F5BF02 /* ChangeStatus */,
				B783805C22F01A1000166731 /* RMMissionDetailReq */,
				B783805722F0191D00166731 /* MissionList */,
			);
			path = Engineer;
			sourceTree = "<group>";
		};
		B783805122EFEFB500166731 /* Detail */ = {
			isa = PBXGroup;
			children = (
				B783805222EFEFD200166731 /* REMissionDetailViewController.h */,
				B783805322EFEFD200166731 /* REMissionDetailViewController.xml */,
				B783805422EFEFD200166731 /* REMissionDetailViewController.m */,
			);
			path = Detail;
			sourceTree = "<group>";
		};
		B783805722F0191D00166731 /* MissionList */ = {
			isa = PBXGroup;
			children = (
				B783804E22EEE29100166731 /* REMissionHallReq.h */,
				B783804F22EEE29100166731 /* REMissionHallReq.m */,
			);
			path = MissionList;
			sourceTree = "<group>";
		};
		B783805822F0195B00166731 /* TakeOrder */ = {
			isa = PBXGroup;
			children = (
				B783805922F01A0A00166731 /* RETakeOrderReq.h */,
				B783805A22F01A0A00166731 /* RETakeOrderReq.m */,
			);
			path = TakeOrder;
			sourceTree = "<group>";
		};
		B783805C22F01A1000166731 /* RMMissionDetailReq */ = {
			isa = PBXGroup;
			children = (
				B783805D22F01A2E00166731 /* RMMissionDetailReq.h */,
				B783805E22F01A2E00166731 /* RMMissionDetailReq.m */,
			);
			path = RMMissionDetailReq;
			sourceTree = "<group>";
		};
		B784B98822D5B92100EAB7F5 = {
			isa = PBXGroup;
			children = (
				B75ED98322D6EBA300D305D9 /* PrefixHeader.pch */,
				B784B99322D5B92100EAB7F5 /* repairManagement */,
				B784B9AF22D5B92600EAB7F5 /* repairManagementTests */,
				B784B9BA22D5B92600EAB7F5 /* repairManagementUITests */,
				B784B99222D5B92100EAB7F5 /* Products */,
				7FD97ACA45B49DF67E0AE081 /* Pods */,
				5983BF50C701AB04AFFCC51D /* Frameworks */,
			);
			sourceTree = "<group>";
		};
		B784B99222D5B92100EAB7F5 /* Products */ = {
			isa = PBXGroup;
			children = (
				B784B99122D5B92100EAB7F5 /* repairManagement.app */,
				B784B9AC22D5B92600EAB7F5 /* repairManagementTests.xctest */,
				B784B9B722D5B92600EAB7F5 /* repairManagementUITests.xctest */,
			);
			name = Products;
			sourceTree = "<group>";
		};
		B784B99322D5B92100EAB7F5 /* repairManagement */ = {
			isa = PBXGroup;
			children = (
				B75ED96A22D6EA4100D305D9 /* lib */,
				B75ED95E22D6DDF600D305D9 /* Station */,
				B75ED95D22D6DDD200D305D9 /* Engineer */,
				B784B9C922D5EBA400EAB7F5 /* MainTabVC */,
				B75ED99222D70DDB00D305D9 /* Login */,
				B784B99422D5B92100EAB7F5 /* AppDelegate.h */,
				B784B99522D5B92100EAB7F5 /* AppDelegate.m */,
				B784B99722D5B92100EAB7F5 /* ViewController.h */,
				B784B99822D5B92100EAB7F5 /* ViewController.m */,
				B784B99A22D5B92200EAB7F5 /* Main.storyboard */,
				B784B9A022D5B92600EAB7F5 /* Assets.xcassets */,
				B784B9A222D5B92600EAB7F5 /* LaunchScreen.storyboard */,
				B784B9A522D5B92600EAB7F5 /* Info.plist */,
				B784B9A622D5B92600EAB7F5 /* main.m */,
				B784B99D22D5B92200EAB7F5 /* repairManagement.xcdatamodeld */,
			);
			path = repairManagement;
			sourceTree = "<group>";
		};
		B784B9AF22D5B92600EAB7F5 /* repairManagementTests */ = {
			isa = PBXGroup;
			children = (
				B784B9B022D5B92600EAB7F5 /* repairManagementTests.m */,
				B784B9B222D5B92600EAB7F5 /* Info.plist */,
			);
			path = repairManagementTests;
			sourceTree = "<group>";
		};
		B784B9BA22D5B92600EAB7F5 /* repairManagementUITests */ = {
			isa = PBXGroup;
			children = (
				B784B9BB22D5B92600EAB7F5 /* repairManagementUITests.m */,
				B784B9BD22D5B92600EAB7F5 /* Info.plist */,
			);
			path = repairManagementUITests;
			sourceTree = "<group>";
		};
		B784B9C922D5EBA400EAB7F5 /* MainTabVC */ = {
			isa = PBXGroup;
			children = (
				B784B9CB22D5EBBF00EAB7F5 /* EngineerClient */,
				B784B9CA22D5EBAF00EAB7F5 /* StationClient */,
			);
			path = MainTabVC;
			sourceTree = "<group>";
		};
		B784B9CA22D5EBAF00EAB7F5 /* StationClient */ = {
			isa = PBXGroup;
			children = (
				B784B9CF22D5EFFB00EAB7F5 /* stationTabController.h */,
				B784B9D022D5EFFB00EAB7F5 /* stationTabController.m */,
			);
			path = StationClient;
			sourceTree = "<group>";
		};
		B784B9CB22D5EBBF00EAB7F5 /* EngineerClient */ = {
			isa = PBXGroup;
			children = (
				B784B9CC22D5EFB800EAB7F5 /* EngineerTabController.h */,
				B784B9CD22D5EFB800EAB7F5 /* EngineerTabController.m */,
			);
			path = EngineerClient;
			sourceTree = "<group>";
		};
		B7CAD2DB22D82A950069FC67 /* listTable */ = {
			isa = PBXGroup;
			children = (
				B7CAD2DC22D82B050069FC67 /* RMOrderTable.h */,
				B7CAD2E422D82C180069FC67 /* RMOrderTable.xml */,
				B7CAD2DD22D82B050069FC67 /* RMOrderTable.m */,
				B7CAD2DF22D82B170069FC67 /* RMOrderCell.h */,
				B7CAD2E022D82B170069FC67 /* RMOrderCell.xml */,
				B7CAD2E122D82B170069FC67 /* RMOrderCell.m */,
			);
			path = listTable;
			sourceTree = "<group>";
		};
		B7CAD2E622D82CFB0069FC67 /* model */ = {
			isa = PBXGroup;
			children = (
				B7CAD2E722D82D2B0069FC67 /* RepairOrderModel.h */,
				B7CAD2E822D82D2B0069FC67 /* RepairOrderModel.m */,
			);
			path = model;
			sourceTree = "<group>";
		};
/* End PBXGroup section */

/* Begin PBXNativeTarget section */
		B784B99022D5B92100EAB7F5 /* repairManagement */ = {
			isa = PBXNativeTarget;
			buildConfigurationList = B784B9C022D5B92600EAB7F5 /* Build configuration list for PBXNativeTarget "repairManagement" */;
			buildPhases = (
				4F9E5FC053CD358BEC10AE76 /* [CP] Check Pods Manifest.lock */,
				B784B98D22D5B92100EAB7F5 /* Sources */,
				B784B98E22D5B92100EAB7F5 /* Frameworks */,
				B784B98F22D5B92100EAB7F5 /* Resources */,
				EDCE2775C90031EDF0608D22 /* [CP] Copy Pods Resources */,
			);
			buildRules = (
			);
			dependencies = (
			);
			name = repairManagement;
			productName = repairManagement;
			productReference = B784B99122D5B92100EAB7F5 /* repairManagement.app */;
			productType = "com.apple.product-type.application";
		};
		B784B9AB22D5B92600EAB7F5 /* repairManagementTests */ = {
			isa = PBXNativeTarget;
			buildConfigurationList = B784B9C322D5B92600EAB7F5 /* Build configuration list for PBXNativeTarget "repairManagementTests" */;
			buildPhases = (
				B784B9A822D5B92600EAB7F5 /* Sources */,
				B784B9A922D5B92600EAB7F5 /* Frameworks */,
				B784B9AA22D5B92600EAB7F5 /* Resources */,
			);
			buildRules = (
			);
			dependencies = (
				B784B9AE22D5B92600EAB7F5 /* PBXTargetDependency */,
			);
			name = repairManagementTests;
			productName = repairManagementTests;
			productReference = B784B9AC22D5B92600EAB7F5 /* repairManagementTests.xctest */;
			productType = "com.apple.product-type.bundle.unit-test";
		};
		B784B9B622D5B92600EAB7F5 /* repairManagementUITests */ = {
			isa = PBXNativeTarget;
			buildConfigurationList = B784B9C622D5B92600EAB7F5 /* Build configuration list for PBXNativeTarget "repairManagementUITests" */;
			buildPhases = (
				B784B9B322D5B92600EAB7F5 /* Sources */,
				B784B9B422D5B92600EAB7F5 /* Frameworks */,
				B784B9B522D5B92600EAB7F5 /* Resources */,
			);
			buildRules = (
			);
			dependencies = (
				B784B9B922D5B92600EAB7F5 /* PBXTargetDependency */,
			);
			name = repairManagementUITests;
			productName = repairManagementUITests;
			productReference = B784B9B722D5B92600EAB7F5 /* repairManagementUITests.xctest */;
			productType = "com.apple.product-type.bundle.ui-testing";
		};
/* End PBXNativeTarget section */

/* Begin PBXProject section */
		B784B98922D5B92100EAB7F5 /* Project object */ = {
			isa = PBXProject;
			attributes = {
				LastUpgradeCheck = 1020;
				ORGANIZATIONNAME = zhangxintao;
				TargetAttributes = {
					B784B99022D5B92100EAB7F5 = {
						CreatedOnToolsVersion = 10.2.1;
					};
					B784B9AB22D5B92600EAB7F5 = {
						CreatedOnToolsVersion = 10.2.1;
						TestTargetID = B784B99022D5B92100EAB7F5;
					};
					B784B9B622D5B92600EAB7F5 = {
						CreatedOnToolsVersion = 10.2.1;
						TestTargetID = B784B99022D5B92100EAB7F5;
					};
				};
			};
			buildConfigurationList = B784B98C22D5B92100EAB7F5 /* Build configuration list for PBXProject "repairManagement" */;
			compatibilityVersion = "Xcode 9.3";
			developmentRegion = en;
			hasScannedForEncodings = 0;
			knownRegions = (
				en,
				Base,
			);
			mainGroup = B784B98822D5B92100EAB7F5;
			productRefGroup = B784B99222D5B92100EAB7F5 /* Products */;
			projectDirPath = "";
			projectRoot = "";
			targets = (
				B784B99022D5B92100EAB7F5 /* repairManagement */,
				B784B9AB22D5B92600EAB7F5 /* repairManagementTests */,
				B784B9B622D5B92600EAB7F5 /* repairManagementUITests */,
			);
		};
/* End PBXProject section */

/* Begin PBXResourcesBuildPhase section */
		B784B98F22D5B92100EAB7F5 /* Resources */ = {
			isa = PBXResourcesBuildPhase;
			buildActionMask = 2147483647;
			files = (
				B75ED98F22D70CC800D305D9 /* RMUserViewController.xml in Resources */,
				B783805522EFEFD200166731 /* REMissionDetailViewController.xml in Resources */,
				B7CAD2E222D82B170069FC67 /* RMOrderCell.xml in Resources */,
				B747ECFA22F193C100F5BF02 /* REMissionAccesoryViewController.xml in Resources */,
				B783803522EECD8200166731 /* REMyMissionViewController.xml in Resources */,
				B75ED99622D70DFF00D305D9 /* RMLoginViewController.xml in Resources */,
				B783804522EEDBCD00166731 /* REMissonTable.xml in Resources */,
				B747ED0022F195F600F5BF02 /* REAccesoryCell.xml in Resources */,
				B784B9A422D5B92600EAB7F5 /* LaunchScreen.storyboard in Resources */,
				B784B9A122D5B92600EAB7F5 /* Assets.xcassets in Resources */,
				B75ED98B22D70BCA00D305D9 /* TYSPNaviBar.xml in Resources */,
				B75ED96822D6E9FA00D305D9 /* RMOrderListViewController.xml in Resources */,
				B783803A22EECDAE00166731 /* REUserViewController.xml in Resources */,
				B783804622EEDBCD00166731 /* REMissionCell.xml in Resources */,
				B783803022EECD1000166731 /* REMissionHallViewController.xml in Resources */,
				B75940D122DDDFC800C19FF8 /* RMOrderDetailViewController.xml in Resources */,
				B747ECED22F17BB600F5BF02 /* REMissionCompleteConfirmController.xml in Resources */,
				B784B99C22D5B92200EAB7F5 /* Main.storyboard in Resources */,
				B7CAD2E522D82C180069FC67 /* RMOrderTable.xml in Resources */,
			);
			runOnlyForDeploymentPostprocessing = 0;
		};
		B784B9AA22D5B92600EAB7F5 /* Resources */ = {
			isa = PBXResourcesBuildPhase;
			buildActionMask = 2147483647;
			files = (
			);
			runOnlyForDeploymentPostprocessing = 0;
		};
		B784B9B522D5B92600EAB7F5 /* Resources */ = {
			isa = PBXResourcesBuildPhase;
			buildActionMask = 2147483647;
			files = (
			);
			runOnlyForDeploymentPostprocessing = 0;
		};
/* End PBXResourcesBuildPhase section */

/* Begin PBXShellScriptBuildPhase section */
		4F9E5FC053CD358BEC10AE76 /* [CP] Check Pods Manifest.lock */ = {
			isa = PBXShellScriptBuildPhase;
			buildActionMask = 2147483647;
			files = (
			);
			inputFileListPaths = (
			);
			inputPaths = (
				"${PODS_PODFILE_DIR_PATH}/Podfile.lock",
				"${PODS_ROOT}/Manifest.lock",
			);
			name = "[CP] Check Pods Manifest.lock";
			outputFileListPaths = (
			);
			outputPaths = (
				"$(DERIVED_FILE_DIR)/Pods-repairManagement-checkManifestLockResult.txt",
			);
			runOnlyForDeploymentPostprocessing = 0;
			shellPath = /bin/sh;
			shellScript = "diff \"${PODS_PODFILE_DIR_PATH}/Podfile.lock\" \"${PODS_ROOT}/Manifest.lock\" > /dev/null\nif [ $? != 0 ] ; then\n    # print error to STDERR\n    echo \"error: The sandbox is not in sync with the Podfile.lock. Run 'pod install' or update your CocoaPods installation.\" >&2\n    exit 1\nfi\n# This output is used by Xcode 'outputs' to avoid re-running this script phase.\necho \"SUCCESS\" > \"${SCRIPT_OUTPUT_FILE_0}\"\n";
			showEnvVarsInLog = 0;
		};
		EDCE2775C90031EDF0608D22 /* [CP] Copy Pods Resources */ = {
			isa = PBXShellScriptBuildPhase;
			buildActionMask = 2147483647;
			files = (
			);
			inputFileListPaths = (
				"${PODS_ROOT}/Target Support Files/Pods-repairManagement/Pods-repairManagement-resources-${CONFIGURATION}-input-files.xcfilelist",
			);
			name = "[CP] Copy Pods Resources";
			outputFileListPaths = (
				"${PODS_ROOT}/Target Support Files/Pods-repairManagement/Pods-repairManagement-resources-${CONFIGURATION}-output-files.xcfilelist",
			);
			runOnlyForDeploymentPostprocessing = 0;
			shellPath = /bin/sh;
			shellScript = "\"${PODS_ROOT}/Target Support Files/Pods-repairManagement/Pods-repairManagement-resources.sh\"\n";
			showEnvVarsInLog = 0;
		};
/* End PBXShellScriptBuildPhase section */

/* Begin PBXSourcesBuildPhase section */
		B784B98D22D5B92100EAB7F5 /* Sources */ = {
			isa = PBXSourcesBuildPhase;
			buildActionMask = 2147483647;
			files = (
				B783803B22EECDAE00166731 /* REUserViewController.m in Sources */,
				B783803122EECD1000166731 /* REMissionHallViewController.m in Sources */,
				B75ED99A22D7256000D305D9 /* LoginViewModel.m in Sources */,
				B783805B22F01A0B00166731 /* RETakeOrderReq.m in Sources */,
				B783804422EEDBCD00166731 /* REMissionCell.m in Sources */,
				B7CAD2E322D82B170069FC67 /* RMOrderCell.m in Sources */,
				B75ED99E22D72B2100D305D9 /* RMLoginRequest.m in Sources */,
				B747ED0122F195F600F5BF02 /* REAccesoryCell.m in Sources */,
				B75940C922DDD17D00C19FF8 /* orderListViewModel.m in Sources */,
				B75ED98022D6EAC100D305D9 /* FlexBaseWithoutNaviViewController.m in Sources */,
				B75ED96922D6E9FA00D305D9 /* RMOrderListViewController.m in Sources */,
				B753894022DF2EF70038CFB6 /* RMRepairDetailModel.m in Sources */,
				B747ECEB22F17B7F00F5BF02 /* REMissionCompleteConfirmController.m in Sources */,
				B75ED99022D70CC800D305D9 /* RMUserViewController.m in Sources */,
				B784B9D122D5EFFB00EAB7F5 /* stationTabController.m in Sources */,
				B75940CD22DDD24000C19FF8 /* RMOrderListReq.m in Sources */,
				B75ED98122D6EAC100D305D9 /* tools.m in Sources */,
				B747ECF522F17C3800F5BF02 /* REResultLibReq.m in Sources */,
				B747ECFB22F193C100F5BF02 /* REMissionAccesoryViewController.m in Sources */,
				B747ECF122F17C0A00F5BF02 /* completeViewModel.m in Sources */,
				B783804722EEDBCD00166731 /* REMissonTable.m in Sources */,
				B784B99F22D5B92200EAB7F5 /* repairManagement.xcdatamodeld in Sources */,
				B783805022EEE29100166731 /* REMissionHallReq.m in Sources */,
				B75ED97E22D6EAC100D305D9 /* FlexBaseWithNaviViewController.m in Sources */,
				B75ED99722D70DFF00D305D9 /* RMLoginViewController.m in Sources */,
				B784B99922D5B92100EAB7F5 /* ViewController.m in Sources */,
				B783803622EECD8200166731 /* REMyMissionViewController.m in Sources */,
				B747ECE322F1663400F5BF02 /* REStatusReq.m in Sources */,
				B753894422DF33130038CFB6 /* RMRepairDetailReq.m in Sources */,
				B783805F22F01A2E00166731 /* RMMissionDetailReq.m in Sources */,
				B75940D222DDDFC800C19FF8 /* RMOrderDetailViewController.m in Sources */,
				B784B9CE22D5EFB800EAB7F5 /* EngineerTabController.m in Sources */,
				B7CAD2E922D82D2B0069FC67 /* RepairOrderModel.m in Sources */,
				B784B9A722D5B92600EAB7F5 /* main.m in Sources */,
				B783804B22EEE18A00166731 /* REMissionHallViewModel.m in Sources */,
				B75ED97F22D6EAC100D305D9 /* FlexBasePresentViewController.m in Sources */,
				B783802A22EE982300166731 /* RMRepairDetailViewModel.m in Sources */,
				B7CAD2DE22D82B050069FC67 /* RMOrderTable.m in Sources */,
				B784B99622D5B92100EAB7F5 /* AppDelegate.m in Sources */,
				B783805622EFEFD200166731 /* REMissionDetailViewController.m in Sources */,
				B75ED98A22D70BCA00D305D9 /* TYSPNaviBar.m in Sources */,
				B75ED98222D6EAC100D305D9 /* TYCommonRequest.m in Sources */,
			);
			runOnlyForDeploymentPostprocessing = 0;
		};
		B784B9A822D5B92600EAB7F5 /* Sources */ = {
			isa = PBXSourcesBuildPhase;
			buildActionMask = 2147483647;
			files = (
				B784B9B122D5B92600EAB7F5 /* repairManagementTests.m in Sources */,
			);
			runOnlyForDeploymentPostprocessing = 0;
		};
		B784B9B322D5B92600EAB7F5 /* Sources */ = {
			isa = PBXSourcesBuildPhase;
			buildActionMask = 2147483647;
			files = (
				B784B9BC22D5B92600EAB7F5 /* repairManagementUITests.m in Sources */,
			);
			runOnlyForDeploymentPostprocessing = 0;
		};
/* End PBXSourcesBuildPhase section */

/* Begin PBXTargetDependency section */
		B784B9AE22D5B92600EAB7F5 /* PBXTargetDependency */ = {
			isa = PBXTargetDependency;
			target = B784B99022D5B92100EAB7F5 /* repairManagement */;
			targetProxy = B784B9AD22D5B92600EAB7F5 /* PBXContainerItemProxy */;
		};
		B784B9B922D5B92600EAB7F5 /* PBXTargetDependency */ = {
			isa = PBXTargetDependency;
			target = B784B99022D5B92100EAB7F5 /* repairManagement */;
			targetProxy = B784B9B822D5B92600EAB7F5 /* PBXContainerItemProxy */;
		};
/* End PBXTargetDependency section */

/* Begin PBXVariantGroup section */
		B784B99A22D5B92200EAB7F5 /* Main.storyboard */ = {
			isa = PBXVariantGroup;
			children = (
				B784B99B22D5B92200EAB7F5 /* Base */,
			);
			name = Main.storyboard;
			sourceTree = "<group>";
		};
		B784B9A222D5B92600EAB7F5 /* LaunchScreen.storyboard */ = {
			isa = PBXVariantGroup;
			children = (
				B784B9A322D5B92600EAB7F5 /* Base */,
			);
			name = LaunchScreen.storyboard;
			sourceTree = "<group>";
		};
/* End PBXVariantGroup section */

/* Begin XCBuildConfiguration section */
		B784B9BE22D5B92600EAB7F5 /* Debug */ = {
			isa = XCBuildConfiguration;
			buildSettings = {
				ALWAYS_SEARCH_USER_PATHS = NO;
				CLANG_ANALYZER_NONNULL = YES;
				CLANG_ANALYZER_NUMBER_OBJECT_CONVERSION = YES_AGGRESSIVE;
				CLANG_CXX_LANGUAGE_STANDARD = "gnu++14";
				CLANG_CXX_LIBRARY = "libc++";
				CLANG_ENABLE_MODULES = YES;
				CLANG_ENABLE_OBJC_ARC = YES;
				CLANG_ENABLE_OBJC_WEAK = YES;
				CLANG_WARN_BLOCK_CAPTURE_AUTORELEASING = YES;
				CLANG_WARN_BOOL_CONVERSION = YES;
				CLANG_WARN_COMMA = YES;
				CLANG_WARN_CONSTANT_CONVERSION = YES;
				CLANG_WARN_DEPRECATED_OBJC_IMPLEMENTATIONS = YES;
				CLANG_WARN_DIRECT_OBJC_ISA_USAGE = YES_ERROR;
				CLANG_WARN_DOCUMENTATION_COMMENTS = YES;
				CLANG_WARN_EMPTY_BODY = YES;
				CLANG_WARN_ENUM_CONVERSION = YES;
				CLANG_WARN_INFINITE_RECURSION = YES;
				CLANG_WARN_INT_CONVERSION = YES;
				CLANG_WARN_NON_LITERAL_NULL_CONVERSION = YES;
				CLANG_WARN_OBJC_IMPLICIT_RETAIN_SELF = YES;
				CLANG_WARN_OBJC_LITERAL_CONVERSION = YES;
				CLANG_WARN_OBJC_ROOT_CLASS = YES_ERROR;
				CLANG_WARN_RANGE_LOOP_ANALYSIS = YES;
				CLANG_WARN_STRICT_PROTOTYPES = YES;
				CLANG_WARN_SUSPICIOUS_MOVE = YES;
				CLANG_WARN_UNGUARDED_AVAILABILITY = YES_AGGRESSIVE;
				CLANG_WARN_UNREACHABLE_CODE = YES;
				CLANG_WARN__DUPLICATE_METHOD_MATCH = YES;
				CODE_SIGN_IDENTITY = "iPhone Developer";
				COPY_PHASE_STRIP = NO;
				DEBUG_INFORMATION_FORMAT = dwarf;
				ENABLE_STRICT_OBJC_MSGSEND = YES;
				ENABLE_TESTABILITY = YES;
				GCC_C_LANGUAGE_STANDARD = gnu11;
				GCC_DYNAMIC_NO_PIC = NO;
				GCC_NO_COMMON_BLOCKS = YES;
				GCC_OPTIMIZATION_LEVEL = 0;
				GCC_PREPROCESSOR_DEFINITIONS = (
					"DEBUG=1",
					"$(inherited)",
				);
				GCC_WARN_64_TO_32_BIT_CONVERSION = YES;
				GCC_WARN_ABOUT_RETURN_TYPE = YES_ERROR;
				GCC_WARN_UNDECLARED_SELECTOR = YES;
				GCC_WARN_UNINITIALIZED_AUTOS = YES_AGGRESSIVE;
				GCC_WARN_UNUSED_FUNCTION = YES;
				GCC_WARN_UNUSED_VARIABLE = YES;
				IPHONEOS_DEPLOYMENT_TARGET = 12.2;
				MTL_ENABLE_DEBUG_INFO = INCLUDE_SOURCE;
				MTL_FAST_MATH = YES;
				ONLY_ACTIVE_ARCH = YES;
				SDKROOT = iphoneos;
			};
			name = Debug;
		};
		B784B9BF22D5B92600EAB7F5 /* Release */ = {
			isa = XCBuildConfiguration;
			buildSettings = {
				ALWAYS_SEARCH_USER_PATHS = NO;
				CLANG_ANALYZER_NONNULL = YES;
				CLANG_ANALYZER_NUMBER_OBJECT_CONVERSION = YES_AGGRESSIVE;
				CLANG_CXX_LANGUAGE_STANDARD = "gnu++14";
				CLANG_CXX_LIBRARY = "libc++";
				CLANG_ENABLE_MODULES = YES;
				CLANG_ENABLE_OBJC_ARC = YES;
				CLANG_ENABLE_OBJC_WEAK = YES;
				CLANG_WARN_BLOCK_CAPTURE_AUTORELEASING = YES;
				CLANG_WARN_BOOL_CONVERSION = YES;
				CLANG_WARN_COMMA = YES;
				CLANG_WARN_CONSTANT_CONVERSION = YES;
				CLANG_WARN_DEPRECATED_OBJC_IMPLEMENTATIONS = YES;
				CLANG_WARN_DIRECT_OBJC_ISA_USAGE = YES_ERROR;
				CLANG_WARN_DOCUMENTATION_COMMENTS = YES;
				CLANG_WARN_EMPTY_BODY = YES;
				CLANG_WARN_ENUM_CONVERSION = YES;
				CLANG_WARN_INFINITE_RECURSION = YES;
				CLANG_WARN_INT_CONVERSION = YES;
				CLANG_WARN_NON_LITERAL_NULL_CONVERSION = YES;
				CLANG_WARN_OBJC_IMPLICIT_RETAIN_SELF = YES;
				CLANG_WARN_OBJC_LITERAL_CONVERSION = YES;
				CLANG_WARN_OBJC_ROOT_CLASS = YES_ERROR;
				CLANG_WARN_RANGE_LOOP_ANALYSIS = YES;
				CLANG_WARN_STRICT_PROTOTYPES = YES;
				CLANG_WARN_SUSPICIOUS_MOVE = YES;
				CLANG_WARN_UNGUARDED_AVAILABILITY = YES_AGGRESSIVE;
				CLANG_WARN_UNREACHABLE_CODE = YES;
				CLANG_WARN__DUPLICATE_METHOD_MATCH = YES;
				CODE_SIGN_IDENTITY = "iPhone Developer";
				COPY_PHASE_STRIP = NO;
				DEBUG_INFORMATION_FORMAT = "dwarf-with-dsym";
				ENABLE_NS_ASSERTIONS = NO;
				ENABLE_STRICT_OBJC_MSGSEND = YES;
				GCC_C_LANGUAGE_STANDARD = gnu11;
				GCC_NO_COMMON_BLOCKS = YES;
				GCC_WARN_64_TO_32_BIT_CONVERSION = YES;
				GCC_WARN_ABOUT_RETURN_TYPE = YES_ERROR;
				GCC_WARN_UNDECLARED_SELECTOR = YES;
				GCC_WARN_UNINITIALIZED_AUTOS = YES_AGGRESSIVE;
				GCC_WARN_UNUSED_FUNCTION = YES;
				GCC_WARN_UNUSED_VARIABLE = YES;
				IPHONEOS_DEPLOYMENT_TARGET = 12.2;
				MTL_ENABLE_DEBUG_INFO = NO;
				MTL_FAST_MATH = YES;
				SDKROOT = iphoneos;
				VALIDATE_PRODUCT = YES;
			};
			name = Release;
		};
		B784B9C122D5B92600EAB7F5 /* Debug */ = {
			isa = XCBuildConfiguration;
			baseConfigurationReference = EB5D220F24B5DA45ECEA4EB0 /* Pods-repairManagement.debug.xcconfig */;
			buildSettings = {
				ASSETCATALOG_COMPILER_APPICON_NAME = AppIcon;
				CODE_SIGN_STYLE = Automatic;
				DEVELOPMENT_TEAM = 429WZWZX68;
				GCC_PRECOMPILE_PREFIX_HEADER = YES;
				GCC_PREFIX_HEADER = "$(SRCROOT)/PrefixHeader.pch";
				INFOPLIST_FILE = repairManagement/Info.plist;
				LD_RUNPATH_SEARCH_PATHS = (
					"$(inherited)",
					"@executable_path/Frameworks",
				);
				PRODUCT_BUNDLE_IDENTIFIER = com.ranknow.fixManager.repairManagement;
				PRODUCT_NAME = "$(TARGET_NAME)";
				TARGETED_DEVICE_FAMILY = "1,2";
			};
			name = Debug;
		};
		B784B9C222D5B92600EAB7F5 /* Release */ = {
			isa = XCBuildConfiguration;
			baseConfigurationReference = FAD2AC4AFBF6EA0EC6FEBEE4 /* Pods-repairManagement.release.xcconfig */;
			buildSettings = {
				ASSETCATALOG_COMPILER_APPICON_NAME = AppIcon;
				CODE_SIGN_STYLE = Automatic;
				DEVELOPMENT_TEAM = 429WZWZX68;
				GCC_PRECOMPILE_PREFIX_HEADER = YES;
				GCC_PREFIX_HEADER = "$(SRCROOT)/PrefixHeader.pch";
				INFOPLIST_FILE = repairManagement/Info.plist;
				LD_RUNPATH_SEARCH_PATHS = (
					"$(inherited)",
					"@executable_path/Frameworks",
				);
				PRODUCT_BUNDLE_IDENTIFIER = com.ranknow.fixManager.repairManagement;
				PRODUCT_NAME = "$(TARGET_NAME)";
				TARGETED_DEVICE_FAMILY = "1,2";
			};
			name = Release;
		};
		B784B9C422D5B92600EAB7F5 /* Debug */ = {
			isa = XCBuildConfiguration;
			buildSettings = {
				BUNDLE_LOADER = "$(TEST_HOST)";
				CODE_SIGN_STYLE = Automatic;
				DEVELOPMENT_TEAM = 429WZWZX68;
				INFOPLIST_FILE = repairManagementTests/Info.plist;
				LD_RUNPATH_SEARCH_PATHS = (
					"$(inherited)",
					"@executable_path/Frameworks",
					"@loader_path/Frameworks",
				);
				PRODUCT_BUNDLE_IDENTIFIER = com.ranknow.fixManager.repairManagementTests;
				PRODUCT_NAME = "$(TARGET_NAME)";
				TARGETED_DEVICE_FAMILY = "1,2";
				TEST_HOST = "$(BUILT_PRODUCTS_DIR)/repairManagement.app/repairManagement";
			};
			name = Debug;
		};
		B784B9C522D5B92600EAB7F5 /* Release */ = {
			isa = XCBuildConfiguration;
			buildSettings = {
				BUNDLE_LOADER = "$(TEST_HOST)";
				CODE_SIGN_STYLE = Automatic;
				DEVELOPMENT_TEAM = 429WZWZX68;
				INFOPLIST_FILE = repairManagementTests/Info.plist;
				LD_RUNPATH_SEARCH_PATHS = (
					"$(inherited)",
					"@executable_path/Frameworks",
					"@loader_path/Frameworks",
				);
				PRODUCT_BUNDLE_IDENTIFIER = com.ranknow.fixManager.repairManagementTests;
				PRODUCT_NAME = "$(TARGET_NAME)";
				TARGETED_DEVICE_FAMILY = "1,2";
				TEST_HOST = "$(BUILT_PRODUCTS_DIR)/repairManagement.app/repairManagement";
			};
			name = Release;
		};
		B784B9C722D5B92600EAB7F5 /* Debug */ = {
			isa = XCBuildConfiguration;
			buildSettings = {
				CODE_SIGN_STYLE = Automatic;
				DEVELOPMENT_TEAM = 429WZWZX68;
				INFOPLIST_FILE = repairManagementUITests/Info.plist;
				LD_RUNPATH_SEARCH_PATHS = (
					"$(inherited)",
					"@executable_path/Frameworks",
					"@loader_path/Frameworks",
				);
				PRODUCT_BUNDLE_IDENTIFIER = com.ranknow.fixManager.repairManagementUITests;
				PRODUCT_NAME = "$(TARGET_NAME)";
				TARGETED_DEVICE_FAMILY = "1,2";
				TEST_TARGET_NAME = repairManagement;
			};
			name = Debug;
		};
		B784B9C822D5B92600EAB7F5 /* Release */ = {
			isa = XCBuildConfiguration;
			buildSettings = {
				CODE_SIGN_STYLE = Automatic;
				DEVELOPMENT_TEAM = 429WZWZX68;
				INFOPLIST_FILE = repairManagementUITests/Info.plist;
				LD_RUNPATH_SEARCH_PATHS = (
					"$(inherited)",
					"@executable_path/Frameworks",
					"@loader_path/Frameworks",
				);
				PRODUCT_BUNDLE_IDENTIFIER = com.ranknow.fixManager.repairManagementUITests;
				PRODUCT_NAME = "$(TARGET_NAME)";
				TARGETED_DEVICE_FAMILY = "1,2";
				TEST_TARGET_NAME = repairManagement;
			};
			name = Release;
		};
/* End XCBuildConfiguration section */

/* Begin XCConfigurationList section */
		B784B98C22D5B92100EAB7F5 /* Build configuration list for PBXProject "repairManagement" */ = {
			isa = XCConfigurationList;
			buildConfigurations = (
				B784B9BE22D5B92600EAB7F5 /* Debug */,
				B784B9BF22D5B92600EAB7F5 /* Release */,
			);
			defaultConfigurationIsVisible = 0;
			defaultConfigurationName = Release;
		};
		B784B9C022D5B92600EAB7F5 /* Build configuration list for PBXNativeTarget "repairManagement" */ = {
			isa = XCConfigurationList;
			buildConfigurations = (
				B784B9C122D5B92600EAB7F5 /* Debug */,
				B784B9C222D5B92600EAB7F5 /* Release */,
			);
			defaultConfigurationIsVisible = 0;
			defaultConfigurationName = Release;
		};
		B784B9C322D5B92600EAB7F5 /* Build configuration list for PBXNativeTarget "repairManagementTests" */ = {
			isa = XCConfigurationList;
			buildConfigurations = (
				B784B9C422D5B92600EAB7F5 /* Debug */,
				B784B9C522D5B92600EAB7F5 /* Release */,
			);
			defaultConfigurationIsVisible = 0;
			defaultConfigurationName = Release;
		};
		B784B9C622D5B92600EAB7F5 /* Build configuration list for PBXNativeTarget "repairManagementUITests" */ = {
			isa = XCConfigurationList;
			buildConfigurations = (
				B784B9C722D5B92600EAB7F5 /* Debug */,
				B784B9C822D5B92600EAB7F5 /* Release */,
			);
			defaultConfigurationIsVisible = 0;
			defaultConfigurationName = Release;
		};
/* End XCConfigurationList section */

/* Begin XCVersionGroup section */
		B784B99D22D5B92200EAB7F5 /* repairManagement.xcdatamodeld */ = {
			isa = XCVersionGroup;
			children = (
				B784B99E22D5B92200EAB7F5 /* repairManagement.xcdatamodel */,
			);
			currentVersion = B784B99E22D5B92200EAB7F5 /* repairManagement.xcdatamodel */;
			path = repairManagement.xcdatamodeld;
			sourceTree = "<group>";
			versionGroupType = wrapper.xcdatamodel;
		};
/* End XCVersionGroup section */
	};
	rootObject = B784B98922D5B92100EAB7F5 /* Project object */;
}
